# This file is automatically @generated by Cargo.
# It is not intended for manual editing.
version = 3

[[package]]
name = "advent-of-code"
version = "0.1.0"
dependencies = [
 "advent_of_code_traits",
]

[[package]]
name = "advent_of_code_traits"
version = "0.1.1"
source = "registry+https://github.com/rust-lang/crates.io-index"
checksum = "9973ad653a207ad56248b8acf5fafffa4e0024d0988b198b6935e59fcda8e279"
